
Microsoft Visual Studio Solution File, Format Version 12.00
# Visual Studio 15
VisualStudioVersion = 15.0.28307.106
MinimumVisualStudioVersion = 10.0.40219.1
Project("{FAE04EC0-301F-11D3-BF4B-00C04F79EFBC}") = "PesajeChallenge.MVC", "PesajeChallenge.MVC\PesajeChallenge.MVC.csproj", "{48A0F8CF-14F8-434D-B006-BC26C51E414D}"
EndProject
Global
	GlobalSection(SolutionConfigurationPlatforms) = preSolution
		Debug|Any CPU = Debug|Any CPU
		Release|Any CPU = Release|Any CPU
	EndGlobalSection
	GlobalSection(ProjectConfigurationPlatforms) = postSolution
		{48A0F8CF-14F8-434D-B006-BC26C51E414D}.Debug|Any CPU.ActiveCfg = Debug|Any CPU
		{48A0F8CF-14F8-434D-B006-BC26C51E414D}.Debug|Any CPU.Build.0 = Debug|Any CPU
		{48A0F8CF-14F8-434D-B006-BC26C51E414D}.Release|Any CPU.ActiveCfg = Release|Any CPU
		{48A0F8CF-14F8-434D-B006-BC26C51E414D}.Release|Any CPU.Build.0 = Release|Any CPU
	EndGlobalSection
	GlobalSection(SolutionProperties) = preSolution
		HideSolutionNode = FALSE
	EndGlobalSection
	GlobalSection(ExtensibilityGlobals) = postSolution
		SolutionGuid = {A87755A8-FDE8-4754-8805-0669EF98CDA0}
	EndGlobalSection
EndGlobal
